# THIS IS AN AUTOGENERATED FILE. DO NOT EDIT THIS FILE DIRECTLY.
# yarn lockfile v1


"@rails/actioncable@^6.0.0":
  version "6.0.4"
  resolved "https://registry.yarnpkg.com/@rails/actioncable/-/actioncable-6.0.4.tgz#d533c3d9176ed7763145162dec4f460a9d6fb550"
  integrity sha512-dTirb2EMt/YPVkEZp3GSXwjR+dYjbK0b0NtupEiuwj5dsffFfRnvtPK/aqLibZH6J3G8EAHnuoAaTF0neq2ggw==

"@rails/activestorage@^6.0.0":
  version "6.0.4"
  resolved "https://registry.yarnpkg.com/@rails/activestorage/-/activestorage-6.0.4.tgz#0b8827f7c11bc5da48fcae856e65f86bced36289"
  integrity sha512-hMhIMZzNQJ7MulJzH555PxCYhCsVI+OUMgKBNHeIX88DsTQSBjIyn5kAAIXs4ERlmOUKeYFadU9MBZ86J3ULUg==
  dependencies:
    spark-md5 "^3.0.0"

"@rails/ujs@^6.0.0":
  version "6.0.4"
  resolved "https://registry.yarnpkg.com/@rails/ujs/-/ujs-6.0.4.tgz#b155b0e23b766fe8038cb9bc796efb55ea840c15"
  integrity sha512-pi6BTIAuMAgfh0tz9jHyKwuzT8HKWlZdfI6/pxcR+NWRuTyN9psYmxskP2QnxFehSkSuvQmQuKv3Hyrs13l3xQ==

govuk-frontend@^5.0.0:
  version "5.10.0"
  resolved "https://registry.yarnpkg.com/govuk-frontend/-/govuk-frontend-5.10.0.tgz#812a5a14e4466130603b60b9da3d43a6b06b7069"
  integrity sha512-9tjpB8PDwsDqutkQPJXfDalLvNOeKxzFhV7me21s/oyn7HcTg/ei/GC3Y4JvNsXauzjOkxv4eeCHntKeySkdMg==

spark-md5@^3.0.0:
  version "3.0.1"
  resolved "https://registry.yarnpkg.com/spark-md5/-/spark-md5-3.0.1.tgz#83a0e255734f2ab4e5c466e5a2cfc9ba2aa2124d"
  integrity sha512-0tF3AGSD1ppQeuffsLDIOWlKUd3lS92tFxcsrh5Pe3ZphhnoK+oXIBTzOAThZCiuINZLvpiLH/1VS1/ANEJVig==
